
Microsoft Visual Studio Solution File, Format Version 12.00
# Visual Studio Version 17
VisualStudioVersion = 17.3.32922.545
MinimumVisualStudioVersion = 10.0.40219.1
Project("{9A19103F-16F7-4668-BE54-9A1E7A4F7556}") = "DerivativeCalculator", "DerivativeCalculator\DerivativeCalculator.csproj", "{BD646420-6733-4A72-8536-EB191D5A89C8}"
EndProject
Project("{9A19103F-16F7-4668-BE54-9A1E7A4F7556}") = "DerivativeCalculatorWebsite", "DerivativeCalculatorWebsite\DerivativeCalculatorWebsite.csproj", "{0F4E96BE-8F66-44E7-BE17-6A5E46F901CE}"
EndProject
Global
	GlobalSection(SolutionConfigurationPlatforms) = preSolution
		Debug|Any CPU = Debug|Any CPU
		Release|Any CPU = Release|Any CPU
	EndGlobalSection
	GlobalSection(ProjectConfigurationPlatforms) = postSolution
		{BD646420-6733-4A72-8536-EB191D5A89C8}.Debug|Any CPU.ActiveCfg = Debug|Any CPU
		{BD646420-6733-4A72-8536-EB191D5A89C8}.Debug|Any CPU.Build.0 = Debug|Any CPU
		{BD646420-6733-4A72-8536-EB191D5A89C8}.Release|Any CPU.ActiveCfg = Release|Any CPU
		{BD646420-6733-4A72-8536-EB191D5A89C8}.Release|Any CPU.Build.0 = Release|Any CPU
		{0F4E96BE-8F66-44E7-BE17-6A5E46F901CE}.Debug|Any CPU.ActiveCfg = Debug|Any CPU
		{0F4E96BE-8F66-44E7-BE17-6A5E46F901CE}.Debug|Any CPU.Build.0 = Debug|Any CPU
		{0F4E96BE-8F66-44E7-BE17-6A5E46F901CE}.Release|Any CPU.ActiveCfg = Release|Any CPU
		{0F4E96BE-8F66-44E7-BE17-6A5E46F901CE}.Release|Any CPU.Build.0 = Release|Any CPU
	EndGlobalSection
	GlobalSection(SolutionProperties) = preSolution
		HideSolutionNode = FALSE
	EndGlobalSection
	GlobalSection(ExtensibilityGlobals) = postSolution
		SolutionGuid = {3D806B68-6425-4C8D-A804-75E9A7516DFF}
	EndGlobalSection
EndGlobal
